
Microsoft Visual Studio Solution File, Format Version 12.00
# Visual Studio 15
VisualStudioVersion = 15.0.28307.1022
MinimumVisualStudioVersion = 10.0.40219.1
Project("{8BC9CEB8-8B4A-11D0-8D11-00A0C91BC942}") = "5.15exercise_Gamma", "5.15exercise_Gamma\5.15exercise_Gamma.vcxproj", "{F2C819C5-FD19-40B9-BD87-871E23BF230D}"
EndProject
Global
	GlobalSection(SolutionConfigurationPlatforms) = preSolution
		Debug|x64 = Debug|x64
		Debug|x86 = Debug|x86
		Release|x64 = Release|x64
		Release|x86 = Release|x86
	EndGlobalSection
	GlobalSection(ProjectConfigurationPlatforms) = postSolution
		{F2C819C5-FD19-40B9-BD87-871E23BF230D}.Debug|x64.ActiveCfg = Debug|x64
		{F2C819C5-FD19-40B9-BD87-871E23BF230D}.Debug|x64.Build.0 = Debug|x64
		{F2C819C5-FD19-40B9-BD87-871E23BF230D}.Debug|x86.ActiveCfg = Debug|Win32
		{F2C819C5-FD19-40B9-BD87-871E23BF230D}.Debug|x86.Build.0 = Debug|Win32
		{F2C819C5-FD19-40B9-BD87-871E23BF230D}.Release|x64.ActiveCfg = Release|x64
		{F2C819C5-FD19-40B9-BD87-871E23BF230D}.Release|x64.Build.0 = Release|x64
		{F2C819C5-FD19-40B9-BD87-871E23BF230D}.Release|x86.ActiveCfg = Release|Win32
		{F2C819C5-FD19-40B9-BD87-871E23BF230D}.Release|x86.Build.0 = Release|Win32
	EndGlobalSection
	GlobalSection(SolutionProperties) = preSolution
		HideSolutionNode = FALSE
	EndGlobalSection
	GlobalSection(ExtensibilityGlobals) = postSolution
		SolutionGuid = {7E832C92-C258-4626-8482-D39BF925435D}
	EndGlobalSection
EndGlobal
